
Microsoft Visual Studio Solution File, Format Version 12.00
# Visual Studio Version 16
VisualStudioVersion = 16.0.29123.88
MinimumVisualStudioVersion = 10.0.40219.1
Project("{FAE04EC0-301F-11D3-BF4B-00C04F79EFBC}") = "DisgustingEncryption", "DisgustingEncryption\DisgustingEncryption.csproj", "{C05E3B09-14A5-4E60-9EC0-A1DB4B61CEC5}"
EndProject
Global
	GlobalSection(SolutionConfigurationPlatforms) = preSolution
		Debug|Any CPU = Debug|Any CPU
		Release|Any CPU = Release|Any CPU
	EndGlobalSection
	GlobalSection(ProjectConfigurationPlatforms) = postSolution
		{C05E3B09-14A5-4E60-9EC0-A1DB4B61CEC5}.Debug|Any CPU.ActiveCfg = Debug|Any CPU
		{C05E3B09-14A5-4E60-9EC0-A1DB4B61CEC5}.Debug|Any CPU.Build.0 = Debug|Any CPU
		{C05E3B09-14A5-4E60-9EC0-A1DB4B61CEC5}.Release|Any CPU.ActiveCfg = Release|Any CPU
		{C05E3B09-14A5-4E60-9EC0-A1DB4B61CEC5}.Release|Any CPU.Build.0 = Release|Any CPU
	EndGlobalSection
	GlobalSection(SolutionProperties) = preSolution
		HideSolutionNode = FALSE
	EndGlobalSection
	GlobalSection(ExtensibilityGlobals) = postSolution
		SolutionGuid = {3ED343DA-DB3A-45FC-8C3E-113CE5A118B7}
	EndGlobalSection
EndGlobal
